Microsoft Visual Studio Solution File, Format Version 11.00
# Visual Studio 2008

Project("{D0771813-8AF3-2B04-1281-8D81FD4DC511}") = "ParallelWorld", "Assembly-CSharp.csproj", "{9D40E8D0-685C-0DE3-5A1F-DF0D88BD3F74}"
EndProject
Global
	GlobalSection(SolutionConfigurationPlatforms) = preSolution
		Debug|Any CPU = Debug|Any CPU
		Release|Any CPU = Release|Any CPU
	EndGlobalSection
	GlobalSection(ProjectConfigurationPlatforms) = postSolution
		{9D40E8D0-685C-0DE3-5A1F-DF0D88BD3F74}.Debug|Any CPU.ActiveCfg = Debug|Any CPU
		{9D40E8D0-685C-0DE3-5A1F-DF0D88BD3F74}.Debug|Any CPU.Build.0 = Debug|Any CPU
		{9D40E8D0-685C-0DE3-5A1F-DF0D88BD3F74}.Release|Any CPU.ActiveCfg = Release|Any CPU
		{9D40E8D0-685C-0DE3-5A1F-DF0D88BD3F74}.Release|Any CPU.Build.0 = Release|Any CPU
	EndGlobalSection
	GlobalSection(SolutionProperties) = preSolution
		HideSolutionNode = FALSE
	EndGlobalSection
	GlobalSection(MonoDevelopProperties) = preSolution
		StartupItem = Assembly-CSharp.csproj
	EndGlobalSection
EndGlobal
